
Microsoft Visual Studio Solution File, Format Version 12.00
# Visual Studio Version 17
VisualStudioVersion = 17.7.34202.233
MinimumVisualStudioVersion = 10.0.40219.1
Project("{FAE04EC0-301F-11D3-BF4B-00C04F79EFBC}") = "Agenda.Infra", "Agenda.Infra\Agenda.Infra.csproj", "{B9573781-B88B-4D5E-87FC-B8275DAB5D95}"
EndProject
Project("{FAE04EC0-301F-11D3-BF4B-00C04F79EFBC}") = "Agenda.Domain", "Agenda.Domain\Agenda.Domain.csproj", "{6F0C50FF-017C-451A-8C12-5A4C3B985E8C}"
EndProject
Project("{FAE04EC0-301F-11D3-BF4B-00C04F79EFBC}") = "Agenda.API", "Agenda.API\Agenda.API.csproj", "{71A82908-DF2E-4124-9159-8CC61FDA65A6}"
EndProject
Global
	GlobalSection(SolutionConfigurationPlatforms) = preSolution
		Debug|Any CPU = Debug|Any CPU
		Release|Any CPU = Release|Any CPU
	EndGlobalSection
	GlobalSection(ProjectConfigurationPlatforms) = postSolution
		{B9573781-B88B-4D5E-87FC-B8275DAB5D95}.Debug|Any CPU.ActiveCfg = Debug|Any CPU
		{B9573781-B88B-4D5E-87FC-B8275DAB5D95}.Debug|Any CPU.Build.0 = Debug|Any CPU
		{B9573781-B88B-4D5E-87FC-B8275DAB5D95}.Release|Any CPU.ActiveCfg = Release|Any CPU
		{B9573781-B88B-4D5E-87FC-B8275DAB5D95}.Release|Any CPU.Build.0 = Release|Any CPU
		{6F0C50FF-017C-451A-8C12-5A4C3B985E8C}.Debug|Any CPU.ActiveCfg = Debug|Any CPU
		{6F0C50FF-017C-451A-8C12-5A4C3B985E8C}.Debug|Any CPU.Build.0 = Debug|Any CPU
		{6F0C50FF-017C-451A-8C12-5A4C3B985E8C}.Release|Any CPU.ActiveCfg = Release|Any CPU
		{6F0C50FF-017C-451A-8C12-5A4C3B985E8C}.Release|Any CPU.Build.0 = Release|Any CPU
		{71A82908-DF2E-4124-9159-8CC61FDA65A6}.Debug|Any CPU.ActiveCfg = Debug|Any CPU
		{71A82908-DF2E-4124-9159-8CC61FDA65A6}.Debug|Any CPU.Build.0 = Debug|Any CPU
		{71A82908-DF2E-4124-9159-8CC61FDA65A6}.Release|Any CPU.ActiveCfg = Release|Any CPU
		{71A82908-DF2E-4124-9159-8CC61FDA65A6}.Release|Any CPU.Build.0 = Release|Any CPU
	EndGlobalSection
	GlobalSection(SolutionProperties) = preSolution
		HideSolutionNode = FALSE
	EndGlobalSection
	GlobalSection(ExtensibilityGlobals) = postSolution
		SolutionGuid = {F7A5432A-F3EB-4123-A8A8-720C5ADA32AE}
	EndGlobalSection
EndGlobal
